
Microsoft Visual Studio Solution File, Format Version 12.00
# Visual Studio Version 17
VisualStudioVersion = 17.5.002.0
MinimumVisualStudioVersion = 10.0.40219.1
Project("{2150E333-8FDC-42A3-9474-1A3956D46DE8}") = "src", "src", "{1F2306FA-1B27-4212-A164-F2D928EC405A}"
EndProject
Project("{9A19103F-16F7-4668-BE54-9A1E7A4F7556}") = "Monolith.WebAPI", "src\Monolith.WebAPI\Monolith.WebAPI.csproj", "{0588C674-6DC0-485F-9D9D-45641AA90ED0}"
EndProject
Global
	GlobalSection(SolutionConfigurationPlatforms) = preSolution
		Debug|Any CPU = Debug|Any CPU
		Release|Any CPU = Release|Any CPU
	EndGlobalSection
	GlobalSection(ProjectConfigurationPlatforms) = postSolution
		{0588C674-6DC0-485F-9D9D-45641AA90ED0}.Debug|Any CPU.ActiveCfg = Debug|Any CPU
		{0588C674-6DC0-485F-9D9D-45641AA90ED0}.Debug|Any CPU.Build.0 = Debug|Any CPU
		{0588C674-6DC0-485F-9D9D-45641AA90ED0}.Release|Any CPU.ActiveCfg = Release|Any CPU
		{0588C674-6DC0-485F-9D9D-45641AA90ED0}.Release|Any CPU.Build.0 = Release|Any CPU
	EndGlobalSection
	GlobalSection(SolutionProperties) = preSolution
		HideSolutionNode = FALSE
	EndGlobalSection
	GlobalSection(NestedProjects) = preSolution
		{0588C674-6DC0-485F-9D9D-45641AA90ED0} = {1F2306FA-1B27-4212-A164-F2D928EC405A}
	EndGlobalSection
	GlobalSection(ExtensibilityGlobals) = postSolution
		SolutionGuid = {1D51FDAE-001C-44FD-9BF8-AAFA699DE8AB}
	EndGlobalSection
EndGlobal
